<Solution>
  <Folder Name="/backend/">
    <Project Path="backend/Host/Host.csproj" />
    <Project Path="backend/MigrationRunner/MigrationRunner.csproj" />
  </Folder>
  <Folder Name="/backend/Modules/">
    <Project Path="backend/Modules/Module.Abstractions/Module.Abstractions.csproj" />
  </Folder>
  <Folder Name="/backend/Modules/Identity/">
    <Project Path="backend/Modules/Identity/Identity.Api/Identity.Api.csproj" />
    <Project Path="backend/Modules/Identity/Identity.Application/Identity.Application.csproj" />
    <Project Path="backend/Modules/Identity/Identity.Contracts/Identity.Contracts.csproj" />
    <Project Path="backend/Modules/Identity/Identity.Domain/Identity.Domain.csproj" />
    <Project Path="backend/Modules/Identity/Identity.Infrastructure/Identity.Infrastructure.csproj" />
    <Project Path="backend/Modules/Identity/Identity.Tests/Identity.Tests.csproj" />
  </Folder>
</Solution>
